
Microsoft Visual Studio Solution File, Format Version 12.00
# Visual Studio 15
VisualStudioVersion = 15.0.28307.168
MinimumVisualStudioVersion = 10.0.40219.1
Project("{FAE04EC0-301F-11D3-BF4B-00C04F79EFBC}") = "Simple_API_Database", "Simple_API_Database\Simple_API_Database.csproj", "{1E0A4974-46AA-4742-AFA9-385BBD730B9A}"
EndProject
Global
	GlobalSection(SolutionConfigurationPlatforms) = preSolution
		Debug|Any CPU = Debug|Any CPU
		Release|Any CPU = Release|Any CPU
	EndGlobalSection
	GlobalSection(ProjectConfigurationPlatforms) = postSolution
		{1E0A4974-46AA-4742-AFA9-385BBD730B9A}.Debug|Any CPU.ActiveCfg = Debug|Any CPU
		{1E0A4974-46AA-4742-AFA9-385BBD730B9A}.Debug|Any CPU.Build.0 = Debug|Any CPU
		{1E0A4974-46AA-4742-AFA9-385BBD730B9A}.Release|Any CPU.ActiveCfg = Release|Any CPU
		{1E0A4974-46AA-4742-AFA9-385BBD730B9A}.Release|Any CPU.Build.0 = Release|Any CPU
	EndGlobalSection
	GlobalSection(SolutionProperties) = preSolution
		HideSolutionNode = FALSE
	EndGlobalSection
	GlobalSection(ExtensibilityGlobals) = postSolution
		SolutionGuid = {460AFC6D-843B-4EC8-AB22-EF1DDF288B53}
	EndGlobalSection
EndGlobal
